
Microsoft Visual Studio Solution File, Format Version 12.00
# Visual Studio 15
VisualStudioVersion = 15.0.27428.2037
MinimumVisualStudioVersion = 10.0.40219.1
Project("{2150E333-8FDC-42A3-9474-1A3956D46DE8}") = "0 - Modelagem de entidades", "0 - Modelagem de entidades", "{AEA58E0E-9C09-4303-B117-670ED3D5A998}"
EndProject
Project("{FAE04EC0-301F-11D3-BF4B-00C04F79EFBC}") = "Projeto01.Entidades", "Projeto01.Entidades\Projeto01.Entidades.csproj", "{24D196D5-9512-46EF-86C1-034D07094B6D}"
EndProject
Project("{2150E333-8FDC-42A3-9474-1A3956D46DE8}") = "1 - Sistema", "1 - Sistema", "{5EC23CFF-A877-4D47-9ED3-091213337E69}"
EndProject
Project("{2150E333-8FDC-42A3-9474-1A3956D46DE8}") = "1.1 - Camada de Apresentação", "1.1 - Camada de Apresentação", "{F82C4CD9-6815-4E36-A28D-E7E65BF18667}"
EndProject
Project("{FAE04EC0-301F-11D3-BF4B-00C04F79EFBC}") = "Projeto.WEB", "Projeto.WEB\Projeto.WEB.csproj", "{4F8486D7-5D91-4430-A38D-BC4560EA95EC}"
EndProject
Project("{2150E333-8FDC-42A3-9474-1A3956D46DE8}") = "1.2 - Camada de Acesso a Dados", "1.2 - Camada de Acesso a Dados", "{E9E7B267-2305-488A-852D-64F7487068C8}"
EndProject
Project("{FAE04EC0-301F-11D3-BF4B-00C04F79EFBC}") = "Projeto.DAL", "Projeto.DAL\Projeto.DAL.csproj", "{B2496588-9CEB-445E-83F0-B2847935C6E4}"
EndProject
Global
	GlobalSection(SolutionConfigurationPlatforms) = preSolution
		Debug|Any CPU = Debug|Any CPU
		Release|Any CPU = Release|Any CPU
	EndGlobalSection
	GlobalSection(ProjectConfigurationPlatforms) = postSolution
		{24D196D5-9512-46EF-86C1-034D07094B6D}.Debug|Any CPU.ActiveCfg = Debug|Any CPU
		{24D196D5-9512-46EF-86C1-034D07094B6D}.Debug|Any CPU.Build.0 = Debug|Any CPU
		{24D196D5-9512-46EF-86C1-034D07094B6D}.Release|Any CPU.ActiveCfg = Release|Any CPU
		{24D196D5-9512-46EF-86C1-034D07094B6D}.Release|Any CPU.Build.0 = Release|Any CPU
		{4F8486D7-5D91-4430-A38D-BC4560EA95EC}.Debug|Any CPU.ActiveCfg = Debug|Any CPU
		{4F8486D7-5D91-4430-A38D-BC4560EA95EC}.Debug|Any CPU.Build.0 = Debug|Any CPU
		{4F8486D7-5D91-4430-A38D-BC4560EA95EC}.Release|Any CPU.ActiveCfg = Release|Any CPU
		{4F8486D7-5D91-4430-A38D-BC4560EA95EC}.Release|Any CPU.Build.0 = Release|Any CPU
		{B2496588-9CEB-445E-83F0-B2847935C6E4}.Debug|Any CPU.ActiveCfg = Debug|Any CPU
		{B2496588-9CEB-445E-83F0-B2847935C6E4}.Debug|Any CPU.Build.0 = Debug|Any CPU
		{B2496588-9CEB-445E-83F0-B2847935C6E4}.Release|Any CPU.ActiveCfg = Release|Any CPU
		{B2496588-9CEB-445E-83F0-B2847935C6E4}.Release|Any CPU.Build.0 = Release|Any CPU
	EndGlobalSection
	GlobalSection(SolutionProperties) = preSolution
		HideSolutionNode = FALSE
	EndGlobalSection
	GlobalSection(NestedProjects) = preSolution
		{24D196D5-9512-46EF-86C1-034D07094B6D} = {AEA58E0E-9C09-4303-B117-670ED3D5A998}
		{F82C4CD9-6815-4E36-A28D-E7E65BF18667} = {5EC23CFF-A877-4D47-9ED3-091213337E69}
		{4F8486D7-5D91-4430-A38D-BC4560EA95EC} = {F82C4CD9-6815-4E36-A28D-E7E65BF18667}
		{E9E7B267-2305-488A-852D-64F7487068C8} = {5EC23CFF-A877-4D47-9ED3-091213337E69}
		{B2496588-9CEB-445E-83F0-B2847935C6E4} = {E9E7B267-2305-488A-852D-64F7487068C8}
	EndGlobalSection
	GlobalSection(ExtensibilityGlobals) = postSolution
		SolutionGuid = {D1D64F0D-8556-42F6-A23A-FCB90A3A0DCD}
	EndGlobalSection
EndGlobal
