
Microsoft Visual Studio Solution File, Format Version 12.00
# Visual Studio 15
VisualStudioVersion = 15.0.27428.2037
MinimumVisualStudioVersion = 10.0.40219.1
Project("{FAE04EC0-301F-11D3-BF4B-00C04F79EFBC}") = "Estudo01", "Estudo01\Estudo01.csproj", "{D144305B-6D94-4A60-9C55-3CB70C1C900F}"
EndProject
Project("{2150E333-8FDC-42A3-9474-1A3956D46DE8}") = "0 - Entidades do Sistema", "0 - Entidades do Sistema", "{EEFE2C37-AD8E-4126-B8FC-3B268C3FA308}"
EndProject
Project("{2150E333-8FDC-42A3-9474-1A3956D46DE8}") = "1 - Sistema", "1 - Sistema", "{721D1291-8E55-41C1-98B4-1EB34315F8CA}"
EndProject
Project("{2150E333-8FDC-42A3-9474-1A3956D46DE8}") = "1.1 - Camada de Apresentacao", "1.1 - Camada de Apresentacao", "{21CCDA12-B543-44D0-8A77-B9834B721553}"
EndProject
Project("{2150E333-8FDC-42A3-9474-1A3956D46DE8}") = "1.2 - Camada de Acesso a Dados", "1.2 - Camada de Acesso a Dados", "{BB9A4ADB-AC7D-4B4B-83BC-43AF476464EF}"
EndProject
Project("{FAE04EC0-301F-11D3-BF4B-00C04F79EFBC}") = "Projeto.Entidades", "Projeto.Entidades\Projeto.Entidades.csproj", "{B532A92A-F2AB-4BF8-9A10-CE6447D62057}"
EndProject
Project("{FAE04EC0-301F-11D3-BF4B-00C04F79EFBC}") = "Projeto.DAL", "Projeto.DAL\Projeto.DAL.csproj", "{B0E6A320-FD80-496F-8F1E-13CA3B300850}"
EndProject
Global
	GlobalSection(SolutionConfigurationPlatforms) = preSolution
		Debug|Any CPU = Debug|Any CPU
		Release|Any CPU = Release|Any CPU
	EndGlobalSection
	GlobalSection(ProjectConfigurationPlatforms) = postSolution
		{D144305B-6D94-4A60-9C55-3CB70C1C900F}.Debug|Any CPU.ActiveCfg = Debug|Any CPU
		{D144305B-6D94-4A60-9C55-3CB70C1C900F}.Debug|Any CPU.Build.0 = Debug|Any CPU
		{D144305B-6D94-4A60-9C55-3CB70C1C900F}.Release|Any CPU.ActiveCfg = Release|Any CPU
		{D144305B-6D94-4A60-9C55-3CB70C1C900F}.Release|Any CPU.Build.0 = Release|Any CPU
		{B532A92A-F2AB-4BF8-9A10-CE6447D62057}.Debug|Any CPU.ActiveCfg = Debug|Any CPU
		{B532A92A-F2AB-4BF8-9A10-CE6447D62057}.Debug|Any CPU.Build.0 = Debug|Any CPU
		{B532A92A-F2AB-4BF8-9A10-CE6447D62057}.Release|Any CPU.ActiveCfg = Release|Any CPU
		{B532A92A-F2AB-4BF8-9A10-CE6447D62057}.Release|Any CPU.Build.0 = Release|Any CPU
		{B0E6A320-FD80-496F-8F1E-13CA3B300850}.Debug|Any CPU.ActiveCfg = Debug|Any CPU
		{B0E6A320-FD80-496F-8F1E-13CA3B300850}.Debug|Any CPU.Build.0 = Debug|Any CPU
		{B0E6A320-FD80-496F-8F1E-13CA3B300850}.Release|Any CPU.ActiveCfg = Release|Any CPU
		{B0E6A320-FD80-496F-8F1E-13CA3B300850}.Release|Any CPU.Build.0 = Release|Any CPU
	EndGlobalSection
	GlobalSection(SolutionProperties) = preSolution
		HideSolutionNode = FALSE
	EndGlobalSection
	GlobalSection(NestedProjects) = preSolution
		{D144305B-6D94-4A60-9C55-3CB70C1C900F} = {21CCDA12-B543-44D0-8A77-B9834B721553}
		{21CCDA12-B543-44D0-8A77-B9834B721553} = {721D1291-8E55-41C1-98B4-1EB34315F8CA}
		{BB9A4ADB-AC7D-4B4B-83BC-43AF476464EF} = {721D1291-8E55-41C1-98B4-1EB34315F8CA}
		{B532A92A-F2AB-4BF8-9A10-CE6447D62057} = {EEFE2C37-AD8E-4126-B8FC-3B268C3FA308}
		{B0E6A320-FD80-496F-8F1E-13CA3B300850} = {BB9A4ADB-AC7D-4B4B-83BC-43AF476464EF}
	EndGlobalSection
	GlobalSection(ExtensibilityGlobals) = postSolution
		SolutionGuid = {3678D4AD-3052-4680-899C-11329F67B12D}
	EndGlobalSection
EndGlobal
